
Microsoft Visual Studio Solution File, Format Version 12.00
# Visual Studio 15
VisualStudioVersion = 15.0.26730.3
MinimumVisualStudioVersion = 10.0.40219.1
Project("{FAE04EC0-301F-11D3-BF4B-00C04F79EFBC}") = "HFP.Pc", "HFP.Pc\HFP.Pc.csproj", "{9690DEBD-98AE-41BB-8513-82D7A0FC9725}"
EndProject
Project("{FAE04EC0-301F-11D3-BF4B-00C04F79EFBC}") = "HFP.Phone", "HFP.Phone\HFP.Phone.csproj", "{FD50146E-9ACC-4BA4-AC09-D79C3CA5B749}"
EndProject
Project("{2150E333-8FDC-42A3-9474-1A3956D46DE8}") = "00公共层", "00公共层", "{A69C1A56-FE5B-45B4-8D37-0909F8D94AFA}"
EndProject
Project("{2150E333-8FDC-42A3-9474-1A3956D46DE8}") = "02接口层", "02接口层", "{DD0DF328-0F4E-4283-A6BA-7E639AF9FB95}"
EndProject
Project("{2150E333-8FDC-42A3-9474-1A3956D46DE8}") = "03表现层", "03表现层", "{F58DAFF8-2A93-4BE1-AB90-5AEA4BA324D7}"
EndProject
Project("{2150E333-8FDC-42A3-9474-1A3956D46DE8}") = "01实体层", "01实体层", "{04718D8F-BF91-40BA-892A-905579D68EC9}"
EndProject
Project("{FAE04EC0-301F-11D3-BF4B-00C04F79EFBC}") = "HFP.Api", "HFP.Api\HFP.Api.csproj", "{22D33EA6-1479-478A-860C-69ACDED02F18}"
EndProject
Project("{FAE04EC0-301F-11D3-BF4B-00C04F79EFBC}") = "HFP.Common", "HFP.Common\HFP.Common.csproj", "{0574CE68-DCBB-4EBC-8EA0-22239A5AA469}"
EndProject
Project("{FAE04EC0-301F-11D3-BF4B-00C04F79EFBC}") = "HFP.Cache", "HFP.Cache\HFP.Cache.csproj", "{9F9DC715-D788-434B-9B17-5F3ED7B81BCF}"
EndProject
Project("{FAE04EC0-301F-11D3-BF4B-00C04F79EFBC}") = "HFP.Dal", "HFP.Dal\HFP.Dal.csproj", "{D31CC3BA-74DB-4865-84BC-2DE42A1F2DD2}"
EndProject
Project("{FAE04EC0-301F-11D3-BF4B-00C04F79EFBC}") = "HFP.Entities", "HFP.Entities\HFP.Entities.csproj", "{8BBA91B9-0249-4D8B-96F2-2BA1BE2EFC67}"
EndProject
Global
	GlobalSection(SolutionConfigurationPlatforms) = preSolution
		Debug|Any CPU = Debug|Any CPU
		Release|Any CPU = Release|Any CPU
	EndGlobalSection
	GlobalSection(ProjectConfigurationPlatforms) = postSolution
		{9690DEBD-98AE-41BB-8513-82D7A0FC9725}.Debug|Any CPU.ActiveCfg = Debug|Any CPU
		{9690DEBD-98AE-41BB-8513-82D7A0FC9725}.Debug|Any CPU.Build.0 = Debug|Any CPU
		{9690DEBD-98AE-41BB-8513-82D7A0FC9725}.Release|Any CPU.ActiveCfg = Release|Any CPU
		{9690DEBD-98AE-41BB-8513-82D7A0FC9725}.Release|Any CPU.Build.0 = Release|Any CPU
		{FD50146E-9ACC-4BA4-AC09-D79C3CA5B749}.Debug|Any CPU.ActiveCfg = Debug|Any CPU
		{FD50146E-9ACC-4BA4-AC09-D79C3CA5B749}.Debug|Any CPU.Build.0 = Debug|Any CPU
		{FD50146E-9ACC-4BA4-AC09-D79C3CA5B749}.Release|Any CPU.ActiveCfg = Release|Any CPU
		{FD50146E-9ACC-4BA4-AC09-D79C3CA5B749}.Release|Any CPU.Build.0 = Release|Any CPU
		{22D33EA6-1479-478A-860C-69ACDED02F18}.Debug|Any CPU.ActiveCfg = Debug|Any CPU
		{22D33EA6-1479-478A-860C-69ACDED02F18}.Debug|Any CPU.Build.0 = Debug|Any CPU
		{22D33EA6-1479-478A-860C-69ACDED02F18}.Release|Any CPU.ActiveCfg = Release|Any CPU
		{22D33EA6-1479-478A-860C-69ACDED02F18}.Release|Any CPU.Build.0 = Release|Any CPU
		{0574CE68-DCBB-4EBC-8EA0-22239A5AA469}.Debug|Any CPU.ActiveCfg = Debug|Any CPU
		{0574CE68-DCBB-4EBC-8EA0-22239A5AA469}.Debug|Any CPU.Build.0 = Debug|Any CPU
		{0574CE68-DCBB-4EBC-8EA0-22239A5AA469}.Release|Any CPU.ActiveCfg = Release|Any CPU
		{0574CE68-DCBB-4EBC-8EA0-22239A5AA469}.Release|Any CPU.Build.0 = Release|Any CPU
		{9F9DC715-D788-434B-9B17-5F3ED7B81BCF}.Debug|Any CPU.ActiveCfg = Debug|Any CPU
		{9F9DC715-D788-434B-9B17-5F3ED7B81BCF}.Debug|Any CPU.Build.0 = Debug|Any CPU
		{9F9DC715-D788-434B-9B17-5F3ED7B81BCF}.Release|Any CPU.ActiveCfg = Release|Any CPU
		{9F9DC715-D788-434B-9B17-5F3ED7B81BCF}.Release|Any CPU.Build.0 = Release|Any CPU
		{D31CC3BA-74DB-4865-84BC-2DE42A1F2DD2}.Debug|Any CPU.ActiveCfg = Debug|Any CPU
		{D31CC3BA-74DB-4865-84BC-2DE42A1F2DD2}.Debug|Any CPU.Build.0 = Debug|Any CPU
		{D31CC3BA-74DB-4865-84BC-2DE42A1F2DD2}.Release|Any CPU.ActiveCfg = Release|Any CPU
		{D31CC3BA-74DB-4865-84BC-2DE42A1F2DD2}.Release|Any CPU.Build.0 = Release|Any CPU
		{8BBA91B9-0249-4D8B-96F2-2BA1BE2EFC67}.Debug|Any CPU.ActiveCfg = Debug|Any CPU
		{8BBA91B9-0249-4D8B-96F2-2BA1BE2EFC67}.Debug|Any CPU.Build.0 = Debug|Any CPU
		{8BBA91B9-0249-4D8B-96F2-2BA1BE2EFC67}.Release|Any CPU.ActiveCfg = Release|Any CPU
		{8BBA91B9-0249-4D8B-96F2-2BA1BE2EFC67}.Release|Any CPU.Build.0 = Release|Any CPU
	EndGlobalSection
	GlobalSection(SolutionProperties) = preSolution
		HideSolutionNode = FALSE
	EndGlobalSection
	GlobalSection(NestedProjects) = preSolution
		{9690DEBD-98AE-41BB-8513-82D7A0FC9725} = {F58DAFF8-2A93-4BE1-AB90-5AEA4BA324D7}
		{FD50146E-9ACC-4BA4-AC09-D79C3CA5B749} = {F58DAFF8-2A93-4BE1-AB90-5AEA4BA324D7}
		{22D33EA6-1479-478A-860C-69ACDED02F18} = {DD0DF328-0F4E-4283-A6BA-7E639AF9FB95}
		{0574CE68-DCBB-4EBC-8EA0-22239A5AA469} = {A69C1A56-FE5B-45B4-8D37-0909F8D94AFA}
		{9F9DC715-D788-434B-9B17-5F3ED7B81BCF} = {DD0DF328-0F4E-4283-A6BA-7E639AF9FB95}
		{D31CC3BA-74DB-4865-84BC-2DE42A1F2DD2} = {DD0DF328-0F4E-4283-A6BA-7E639AF9FB95}
		{8BBA91B9-0249-4D8B-96F2-2BA1BE2EFC67} = {04718D8F-BF91-40BA-892A-905579D68EC9}
	EndGlobalSection
	GlobalSection(ExtensibilityGlobals) = postSolution
		SolutionGuid = {7F51076E-B5E5-4565-8F7A-D3C8A3BC5ABB}
	EndGlobalSection
EndGlobal
